// !$*UTF8*$!
{
	archiveVersion = 1;
	classes = {
	};
	objectVersion = 48;
	objects = {

/* Begin PBXBuildFile section */
		0D9D1D8A1FE3B0CA00BC4197 /* AppDelegate.m in Sources */ = {isa = PBXBuildFile; fileRef = 0D9D1D891FE3B0CA00BC4197 /* AppDelegate.m */; };
		0D9D1D8D1FE3B0CA00BC4197 /* ViewController.m in Sources */ = {isa = PBXBuildFile; fileRef = 0D9D1D8C1FE3B0CA00BC4197 /* ViewController.m */; };
		0D9D1D901FE3B0CA00BC4197 /* Main.storyboard in Resources */ = {isa = PBXBuildFile; fileRef = 0D9D1D8E1FE3B0CA00BC4197 /* Main.storyboard */; };
		0D9D1D921FE3B0CA00BC4197 /* Assets.xcassets in Resources */ = {isa = PBXBuildFile; fileRef = 0D9D1D911FE3B0CA00BC4197 /* Assets.xcassets */; };
		0D9D1D951FE3B0CA00BC4197 /* LaunchScreen.storyboard in Resources */ = {isa = PBXBuildFile; fileRef = 0D9D1D931FE3B0CA00BC4197 /* LaunchScreen.storyboard */; };
		0D9D1D981FE3B0CA00BC4197 /* main.m in Sources */ = {isa = PBXBuildFile; fileRef = 0D9D1D971FE3B0CA00BC4197 /* main.m */; };
		0D9D1DA81FE3B0E200BC4197 /* BRCanvas.m in Sources */ = {isa = PBXBuildFile; fileRef = 0D9D1DA01FE3B0E200BC4197 /* BRCanvas.m */; };
		0D9D1DA91FE3B0E200BC4197 /* BRElementContainerView.m in Sources */ = {isa = PBXBuildFile; fileRef = 0D9D1DA31FE3B0E200BC4197 /* BRElementContainerView.m */; };
		0D9D1DAA1FE3B0E200BC4197 /* BREngine.m in Sources */ = {isa = PBXBuildFile; fileRef = 0D9D1DA61FE3B0E200BC4197 /* BREngine.m */; };
		0D9D1DB11FE3B3E000BC4197 /* UIView+Ext.m in Sources */ = {isa = PBXBuildFile; fileRef = 0D9D1DB01FE3B3E000BC4197 /* UIView+Ext.m */; };
		0D9D1DCC1FE3B41E00BC4197 /* MASCompositeConstraint.m in Sources */ = {isa = PBXBuildFile; fileRef = 0D9D1DB41FE3B41D00BC4197 /* MASCompositeConstraint.m */; };
		0D9D1DCD1FE3B41E00BC4197 /* MASConstraint.m in Sources */ = {isa = PBXBuildFile; fileRef = 0D9D1DB71FE3B41E00BC4197 /* MASConstraint.m */; };
		0D9D1DCE1FE3B41E00BC4197 /* MASConstraintMaker.m in Sources */ = {isa = PBXBuildFile; fileRef = 0D9D1DB91FE3B41E00BC4197 /* MASConstraintMaker.m */; };
		0D9D1DCF1FE3B41E00BC4197 /* MASLayoutConstraint.m in Sources */ = {isa = PBXBuildFile; fileRef = 0D9D1DBB1FE3B41E00BC4197 /* MASLayoutConstraint.m */; };
		0D9D1DD01FE3B41E00BC4197 /* MASViewAttribute.m in Sources */ = {isa = PBXBuildFile; fileRef = 0D9D1DBF1FE3B41E00BC4197 /* MASViewAttribute.m */; };
		0D9D1DD11FE3B41E00BC4197 /* MASViewConstraint.m in Sources */ = {isa = PBXBuildFile; fileRef = 0D9D1DC11FE3B41E00BC4197 /* MASViewConstraint.m */; };
		0D9D1DD21FE3B41E00BC4197 /* NSArray+MASAdditions.m in Sources */ = {isa = PBXBuildFile; fileRef = 0D9D1DC31FE3B41E00BC4197 /* NSArray+MASAdditions.m */; };
		0D9D1DD31FE3B41E00BC4197 /* NSLayoutConstraint+MASDebugAdditions.m in Sources */ = {isa = PBXBuildFile; fileRef = 0D9D1DC61FE3B41E00BC4197 /* NSLayoutConstraint+MASDebugAdditions.m */; };
		0D9D1DD41FE3B41E00BC4197 /* View+MASAdditions.m in Sources */ = {isa = PBXBuildFile; fileRef = 0D9D1DC81FE3B41E00BC4197 /* View+MASAdditions.m */; };
		0D9D1DD51FE3B41E00BC4197 /* ViewController+MASAdditions.m in Sources */ = {isa = PBXBuildFile; fileRef = 0D9D1DCB1FE3B41E00BC4197 /* ViewController+MASAdditions.m */; };
		0D9D1DD81FE3B4CC00BC4197 /* NSTimer+YYAdd.m in Sources */ = {isa = PBXBuildFile; fileRef = 0D9D1DD71FE3B4CC00BC4197 /* NSTimer+YYAdd.m */; };
		0D9D1DDD1FE3B7C200BC4197 /* CustomElementView.m in Sources */ = {isa = PBXBuildFile; fileRef = 0D9D1DDB1FE3B7C100BC4197 /* CustomElementView.m */; };
		0D9D1DE01FE3B9D500BC4197 /* CustomCanvasView.m in Sources */ = {isa = PBXBuildFile; fileRef = 0D9D1DDF1FE3B9D500BC4197 /* CustomCanvasView.m */; };
/* End PBXBuildFile section */

/* Begin PBXFileReference section */
		0D9D1D851FE3B0CA00BC4197 /* Demo.app */ = {isa = PBXFileReference; explicitFileType = wrapper.application; includeInIndex = 0; path = Demo.app; sourceTree = BUILT_PRODUCTS_DIR; };
		0D9D1D881FE3B0CA00BC4197 /* AppDelegate.h */ = {isa = PBXFileReference; lastKnownFileType = sourcecode.c.h; path = AppDelegate.h; sourceTree = "<group>"; };
		0D9D1D891FE3B0CA00BC4197 /* AppDelegate.m */ = {isa = PBXFileReference; lastKnownFileType = sourcecode.c.objc; path = AppDelegate.m; sourceTree = "<group>"; };
		0D9D1D8B1FE3B0CA00BC4197 /* ViewController.h */ = {isa = PBXFileReference; lastKnownFileType = sourcecode.c.h; path = ViewController.h; sourceTree = "<group>"; };
		0D9D1D8C1FE3B0CA00BC4197 /* ViewController.m */ = {isa = PBXFileReference; lastKnownFileType = sourcecode.c.objc; path = ViewController.m; sourceTree = "<group>"; };
		0D9D1D8F1FE3B0CA00BC4197 /* Base */ = {isa = PBXFileReference; lastKnownFileType = file.storyboard; name = Base; path = Base.lproj/Main.storyboard; sourceTree = "<group>"; };
		0D9D1D911FE3B0CA00BC4197 /* Assets.xcassets */ = {isa = PBXFileReference; lastKnownFileType = folder.assetcatalog; path = Assets.xcassets; sourceTree = "<group>"; };
		0D9D1D941FE3B0CA00BC4197 /* Base */ = {isa = PBXFileReference; lastKnownFileType = file.storyboard; name = Base; path = Base.lproj/LaunchScreen.storyboard; sourceTree = "<group>"; };
		0D9D1D961FE3B0CA00BC4197 /* Info.plist */ = {isa = PBXFileReference; lastKnownFileType = text.plist.xml; path = Info.plist; sourceTree = "<group>"; };
		0D9D1D971FE3B0CA00BC4197 /* main.m */ = {isa = PBXFileReference; lastKnownFileType = sourcecode.c.objc; path = main.m; sourceTree = "<group>"; };
		0D9D1D9F1FE3B0E200BC4197 /* BRCanvas.h */ = {isa = PBXFileReference; fileEncoding = 4; lastKnownFileType = sourcecode.c.h; path = BRCanvas.h; sourceTree = "<group>"; };
		0D9D1DA01FE3B0E200BC4197 /* BRCanvas.m */ = {isa = PBXFileReference; fileEncoding = 4; lastKnownFileType = sourcecode.c.objc; path = BRCanvas.m; sourceTree = "<group>"; };
		0D9D1DA11FE3B0E200BC4197 /* BRCanvasInterface.h */ = {isa = PBXFileReference; fileEncoding = 4; lastKnownFileType = sourcecode.c.h; path = BRCanvasInterface.h; sourceTree = "<group>"; };
		0D9D1DA21FE3B0E200BC4197 /* BRElementContainerView.h */ = {isa = PBXFileReference; fileEncoding = 4; lastKnownFileType = sourcecode.c.h; path = BRElementContainerView.h; sourceTree = "<group>"; };
		0D9D1DA31FE3B0E200BC4197 /* BRElementContainerView.m */ = {isa = PBXFileReference; fileEncoding = 4; lastKnownFileType = sourcecode.c.objc; path = BRElementContainerView.m; sourceTree = "<group>"; };
		0D9D1DA41FE3B0E200BC4197 /* BRElementInterface.h */ = {isa = PBXFileReference; fileEncoding = 4; lastKnownFileType = sourcecode.c.h; path = BRElementInterface.h; sourceTree = "<group>"; };
		0D9D1DA51FE3B0E200BC4197 /* BREngine.h */ = {isa = PBXFileReference; fileEncoding = 4; lastKnownFileType = sourcecode.c.h; path = BREngine.h; sourceTree = "<group>"; };
		0D9D1DA61FE3B0E200BC4197 /* BREngine.m */ = {isa = PBXFileReference; fileEncoding = 4; lastKnownFileType = sourcecode.c.objc; path = BREngine.m; sourceTree = "<group>"; };
		0D9D1DA71FE3B0E200BC4197 /* BRRendDataInterface.h */ = {isa = PBXFileReference; fileEncoding = 4; lastKnownFileType = sourcecode.c.h; path = BRRendDataInterface.h; sourceTree = "<group>"; };
		0D9D1DAC1FE3B24500BC4197 /* BRConfigHeader.h */ = {isa = PBXFileReference; lastKnownFileType = sourcecode.c.h; path = BRConfigHeader.h; sourceTree = "<group>"; };
		0D9D1DAD1FE3B26300BC4197 /* BRDepend.h */ = {isa = PBXFileReference; lastKnownFileType = sourcecode.c.h; path = BRDepend.h; sourceTree = "<group>"; };
		0D9D1DAE1FE3B31100BC4197 /* PrefixHeader.pch */ = {isa = PBXFileReference; lastKnownFileType = sourcecode.c.h; path = PrefixHeader.pch; sourceTree = "<group>"; };
		0D9D1DAF1FE3B3E000BC4197 /* UIView+Ext.h */ = {isa = PBXFileReference; fileEncoding = 4; lastKnownFileType = sourcecode.c.h; path = "UIView+Ext.h"; sourceTree = "<group>"; };
		0D9D1DB01FE3B3E000BC4197 /* UIView+Ext.m */ = {isa = PBXFileReference; fileEncoding = 4; lastKnownFileType = sourcecode.c.objc; path = "UIView+Ext.m"; sourceTree = "<group>"; };
		0D9D1DB31FE3B41D00BC4197 /* MASCompositeConstraint.h */ = {isa = PBXFileReference; fileEncoding = 4; lastKnownFileType = sourcecode.c.h; path = MASCompositeConstraint.h; sourceTree = "<group>"; };
		0D9D1DB41FE3B41D00BC4197 /* MASCompositeConstraint.m */ = {isa = PBXFileReference; fileEncoding = 4; lastKnownFileType = sourcecode.c.objc; path = MASCompositeConstraint.m; sourceTree = "<group>"; };
		0D9D1DB51FE3B41D00BC4197 /* MASConstraint+Private.h */ = {isa = PBXFileReference; fileEncoding = 4; lastKnownFileType = sourcecode.c.h; path = "MASConstraint+Private.h"; sourceTree = "<group>"; };
		0D9D1DB61FE3B41E00BC4197 /* MASConstraint.h */ = {isa = PBXFileReference; fileEncoding = 4; lastKnownFileType = sourcecode.c.h; path = MASConstraint.h; sourceTree = "<group>"; };
		0D9D1DB71FE3B41E00BC4197 /* MASConstraint.m */ = {isa = PBXFileReference; fileEncoding = 4; lastKnownFileType = sourcecode.c.objc; path = MASConstraint.m; sourceTree = "<group>"; };
		0D9D1DB81FE3B41E00BC4197 /* MASConstraintMaker.h */ = {isa = PBXFileReference; fileEncoding = 4; lastKnownFileType = sourcecode.c.h; path = MASConstraintMaker.h; sourceTree = "<group>"; };
		0D9D1DB91FE3B41E00BC4197 /* MASConstraintMaker.m */ = {isa = PBXFileReference; fileEncoding = 4; lastKnownFileType = sourcecode.c.objc; path = MASConstraintMaker.m; sourceTree = "<group>"; };
		0D9D1DBA1FE3B41E00BC4197 /* MASLayoutConstraint.h */ = {isa = PBXFileReference; fileEncoding = 4; lastKnownFileType = sourcecode.c.h; path = MASLayoutConstraint.h; sourceTree = "<group>"; };
		0D9D1DBB1FE3B41E00BC4197 /* MASLayoutConstraint.m */ = {isa = PBXFileReference; fileEncoding = 4; lastKnownFileType = sourcecode.c.objc; path = MASLayoutConstraint.m; sourceTree = "<group>"; };
		0D9D1DBC1FE3B41E00BC4197 /* Masonry.h */ = {isa = PBXFileReference; fileEncoding = 4; lastKnownFileType = sourcecode.c.h; path = Masonry.h; sourceTree = "<group>"; };
		0D9D1DBD1FE3B41E00BC4197 /* MASUtilities.h */ = {isa = PBXFileReference; fileEncoding = 4; lastKnownFileType = sourcecode.c.h; path = MASUtilities.h; sourceTree = "<group>"; };
		0D9D1DBE1FE3B41E00BC4197 /* MASViewAttribute.h */ = {isa = PBXFileReference; fileEncoding = 4; lastKnownFileType = sourcecode.c.h; path = MASViewAttribute.h; sourceTree = "<group>"; };
		0D9D1DBF1FE3B41E00BC4197 /* MASViewAttribute.m */ = {isa = PBXFileReference; fileEncoding = 4; lastKnownFileType = sourcecode.c.objc; path = MASViewAttribute.m; sourceTree = "<group>"; };
		0D9D1DC01FE3B41E00BC4197 /* MASViewConstraint.h */ = {isa = PBXFileReference; fileEncoding = 4; lastKnownFileType = sourcecode.c.h; path = MASViewConstraint.h; sourceTree = "<group>"; };
		0D9D1DC11FE3B41E00BC4197 /* MASViewConstraint.m */ = {isa = PBXFileReference; fileEncoding = 4; lastKnownFileType = sourcecode.c.objc; path = MASViewConstraint.m; sourceTree = "<group>"; };
		0D9D1DC21FE3B41E00BC4197 /* NSArray+MASAdditions.h */ = {isa = PBXFileReference; fileEncoding = 4; lastKnownFileType = sourcecode.c.h; path = "NSArray+MASAdditions.h"; sourceTree = "<group>"; };
		0D9D1DC31FE3B41E00BC4197 /* NSArray+MASAdditions.m */ = {isa = PBXFileReference; fileEncoding = 4; lastKnownFileType = sourcecode.c.objc; path = "NSArray+MASAdditions.m"; sourceTree = "<group>"; };
		0D9D1DC41FE3B41E00BC4197 /* NSArray+MASShorthandAdditions.h */ = {isa = PBXFileReference; fileEncoding = 4; lastKnownFileType = sourcecode.c.h; path = "NSArray+MASShorthandAdditions.h"; sourceTree = "<group>"; };
		0D9D1DC51FE3B41E00BC4197 /* NSLayoutConstraint+MASDebugAdditions.h */ = {isa = PBXFileReference; fileEncoding = 4; lastKnownFileType = sourcecode.c.h; path = "NSLayoutConstraint+MASDebugAdditions.h"; sourceTree = "<group>"; };
		0D9D1DC61FE3B41E00BC4197 /* NSLayoutConstraint+MASDebugAdditions.m */ = {isa = PBXFileReference; fileEncoding = 4; lastKnownFileType = sourcecode.c.objc; path = "NSLayoutConstraint+MASDebugAdditions.m"; sourceTree = "<group>"; };
		0D9D1DC71FE3B41E00BC4197 /* View+MASAdditions.h */ = {isa = PBXFileReference; fileEncoding = 4; lastKnownFileType = sourcecode.c.h; path = "View+MASAdditions.h"; sourceTree = "<group>"; };
		0D9D1DC81FE3B41E00BC4197 /* View+MASAdditions.m */ = {isa = PBXFileReference; fileEncoding = 4; lastKnownFileType = sourcecode.c.objc; path = "View+MASAdditions.m"; sourceTree = "<group>"; };
		0D9D1DC91FE3B41E00BC4197 /* View+MASShorthandAdditions.h */ = {isa = PBXFileReference; fileEncoding = 4; lastKnownFileType = sourcecode.c.h; path = "View+MASShorthandAdditions.h"; sourceTree = "<group>"; };
		0D9D1DCA1FE3B41E00BC4197 /* ViewController+MASAdditions.h */ = {isa = PBXFileReference; fileEncoding = 4; lastKnownFileType = sourcecode.c.h; path = "ViewController+MASAdditions.h"; sourceTree = "<group>"; };
		0D9D1DCB1FE3B41E00BC4197 /* ViewController+MASAdditions.m */ = {isa = PBXFileReference; fileEncoding = 4; lastKnownFileType = sourcecode.c.objc; path = "ViewController+MASAdditions.m"; sourceTree = "<group>"; };
		0D9D1DD61FE3B4CC00BC4197 /* NSTimer+YYAdd.h */ = {isa = PBXFileReference; fileEncoding = 4; lastKnownFileType = sourcecode.c.h; path = "NSTimer+YYAdd.h"; sourceTree = "<group>"; };
		0D9D1DD71FE3B4CC00BC4197 /* NSTimer+YYAdd.m */ = {isa = PBXFileReference; fileEncoding = 4; lastKnownFileType = sourcecode.c.objc; path = "NSTimer+YYAdd.m"; sourceTree = "<group>"; };
		0D9D1DDB1FE3B7C100BC4197 /* CustomElementView.m */ = {isa = PBXFileReference; fileEncoding = 4; lastKnownFileType = sourcecode.c.objc; path = CustomElementView.m; sourceTree = "<group>"; };
		0D9D1DDC1FE3B7C100BC4197 /* CustomElementView.h */ = {isa = PBXFileReference; fileEncoding = 4; lastKnownFileType = sourcecode.c.h; path = CustomElementView.h; sourceTree = "<group>"; };
		0D9D1DDE1FE3B9D500BC4197 /* CustomCanvasView.h */ = {isa = PBXFileReference; lastKnownFileType = sourcecode.c.h; path = CustomCanvasView.h; sourceTree = "<group>"; };
		0D9D1DDF1FE3B9D500BC4197 /* CustomCanvasView.m */ = {isa = PBXFileReference; lastKnownFileType = sourcecode.c.objc; path = CustomCanvasView.m; sourceTree = "<group>"; };
/* End PBXFileReference section */

/* Begin PBXFrameworksBuildPhase section */
		0D9D1D821FE3B0CA00BC4197 /* Frameworks */ = {
			isa = PBXFrameworksBuildPhase;
			buildActionMask = 2147483647;
			files = (
			);
			runOnlyForDeploymentPostprocessing = 0;
		};
/* End PBXFrameworksBuildPhase section */

/* Begin PBXGroup section */
		0D9D1D7C1FE3B0CA00BC4197 = {
			isa = PBXGroup;
			children = (
				0D9D1DAB1FE3B22C00BC4197 /* BRExtention */,
				0D9D1D9E1FE3B0E200BC4197 /* BarrageRenderEngine */,
				0D9D1D871FE3B0CA00BC4197 /* Demo */,
				0D9D1D861FE3B0CA00BC4197 /* Products */,
			);
			sourceTree = "<group>";
		};
		0D9D1D861FE3B0CA00BC4197 /* Products */ = {
			isa = PBXGroup;
			children = (
				0D9D1D851FE3B0CA00BC4197 /* Demo.app */,
			);
			name = Products;
			sourceTree = "<group>";
		};
		0D9D1D871FE3B0CA00BC4197 /* Demo */ = {
			isa = PBXGroup;
			children = (
				0D9D1D881FE3B0CA00BC4197 /* AppDelegate.h */,
				0D9D1D891FE3B0CA00BC4197 /* AppDelegate.m */,
				0D9D1D8B1FE3B0CA00BC4197 /* ViewController.h */,
				0D9D1D8C1FE3B0CA00BC4197 /* ViewController.m */,
				0D9D1DDE1FE3B9D500BC4197 /* CustomCanvasView.h */,
				0D9D1DDF1FE3B9D500BC4197 /* CustomCanvasView.m */,
				0D9D1DDC1FE3B7C100BC4197 /* CustomElementView.h */,
				0D9D1DDB1FE3B7C100BC4197 /* CustomElementView.m */,
				0D9D1D8E1FE3B0CA00BC4197 /* Main.storyboard */,
				0D9D1D911FE3B0CA00BC4197 /* Assets.xcassets */,
				0D9D1D931FE3B0CA00BC4197 /* LaunchScreen.storyboard */,
				0D9D1D961FE3B0CA00BC4197 /* Info.plist */,
				0D9D1D971FE3B0CA00BC4197 /* main.m */,
				0D9D1DAE1FE3B31100BC4197 /* PrefixHeader.pch */,
			);
			path = Demo;
			sourceTree = "<group>";
		};
		0D9D1D9E1FE3B0E200BC4197 /* BarrageRenderEngine */ = {
			isa = PBXGroup;
			children = (
				0D9D1DA51FE3B0E200BC4197 /* BREngine.h */,
				0D9D1DA61FE3B0E200BC4197 /* BREngine.m */,
				0D9D1DDA1FE3B58F00BC4197 /* interface */,
				0D9D1D9F1FE3B0E200BC4197 /* BRCanvas.h */,
				0D9D1DA01FE3B0E200BC4197 /* BRCanvas.m */,
				0D9D1DA21FE3B0E200BC4197 /* BRElementContainerView.h */,
				0D9D1DA31FE3B0E200BC4197 /* BRElementContainerView.m */,
			);
			name = BarrageRenderEngine;
			path = ../BarrageRenderEngine;
			sourceTree = "<group>";
		};
		0D9D1DAB1FE3B22C00BC4197 /* BRExtention */ = {
			isa = PBXGroup;
			children = (
				0D9D1DD91FE3B55700BC4197 /* depend */,
				0D9D1DAD1FE3B26300BC4197 /* BRDepend.h */,
				0D9D1DAC1FE3B24500BC4197 /* BRConfigHeader.h */,
			);
			name = BRExtention;
			path = ../BRExtention;
			sourceTree = "<group>";
		};
		0D9D1DB21FE3B41D00BC4197 /* Masonry */ = {
			isa = PBXGroup;
			children = (
				0D9D1DB31FE3B41D00BC4197 /* MASCompositeConstraint.h */,
				0D9D1DB41FE3B41D00BC4197 /* MASCompositeConstraint.m */,
				0D9D1DB51FE3B41D00BC4197 /* MASConstraint+Private.h */,
				0D9D1DB61FE3B41E00BC4197 /* MASConstraint.h */,
				0D9D1DB71FE3B41E00BC4197 /* MASConstraint.m */,
				0D9D1DB81FE3B41E00BC4197 /* MASConstraintMaker.h */,
				0D9D1DB91FE3B41E00BC4197 /* MASConstraintMaker.m */,
				0D9D1DBA1FE3B41E00BC4197 /* MASLayoutConstraint.h */,
				0D9D1DBB1FE3B41E00BC4197 /* MASLayoutConstraint.m */,
				0D9D1DBC1FE3B41E00BC4197 /* Masonry.h */,
				0D9D1DBD1FE3B41E00BC4197 /* MASUtilities.h */,
				0D9D1DBE1FE3B41E00BC4197 /* MASViewAttribute.h */,
				0D9D1DBF1FE3B41E00BC4197 /* MASViewAttribute.m */,
				0D9D1DC01FE3B41E00BC4197 /* MASViewConstraint.h */,
				0D9D1DC11FE3B41E00BC4197 /* MASViewConstraint.m */,
				0D9D1DC21FE3B41E00BC4197 /* NSArray+MASAdditions.h */,
				0D9D1DC31FE3B41E00BC4197 /* NSArray+MASAdditions.m */,
				0D9D1DC41FE3B41E00BC4197 /* NSArray+MASShorthandAdditions.h */,
				0D9D1DC51FE3B41E00BC4197 /* NSLayoutConstraint+MASDebugAdditions.h */,
				0D9D1DC61FE3B41E00BC4197 /* NSLayoutConstraint+MASDebugAdditions.m */,
				0D9D1DC71FE3B41E00BC4197 /* View+MASAdditions.h */,
				0D9D1DC81FE3B41E00BC4197 /* View+MASAdditions.m */,
				0D9D1DC91FE3B41E00BC4197 /* View+MASShorthandAdditions.h */,
				0D9D1DCA1FE3B41E00BC4197 /* ViewController+MASAdditions.h */,
				0D9D1DCB1FE3B41E00BC4197 /* ViewController+MASAdditions.m */,
			);
			path = Masonry;
			sourceTree = "<group>";
		};
		0D9D1DD91FE3B55700BC4197 /* depend */ = {
			isa = PBXGroup;
			children = (
				0D9D1DAF1FE3B3E000BC4197 /* UIView+Ext.h */,
				0D9D1DB01FE3B3E000BC4197 /* UIView+Ext.m */,
				0D9D1DB21FE3B41D00BC4197 /* Masonry */,
				0D9D1DD61FE3B4CC00BC4197 /* NSTimer+YYAdd.h */,
				0D9D1DD71FE3B4CC00BC4197 /* NSTimer+YYAdd.m */,
			);
			path = depend;
			sourceTree = "<group>";
		};
		0D9D1DDA1FE3B58F00BC4197 /* interface */ = {
			isa = PBXGroup;
			children = (
				0D9D1DA11FE3B0E200BC4197 /* BRCanvasInterface.h */,
				0D9D1DA41FE3B0E200BC4197 /* BRElementInterface.h */,
				0D9D1DA71FE3B0E200BC4197 /* BRRendDataInterface.h */,
			);
			path = interface;
			sourceTree = "<group>";
		};
/* End PBXGroup section */

/* Begin PBXNativeTarget section */
		0D9D1D841FE3B0CA00BC4197 /* Demo */ = {
			isa = PBXNativeTarget;
			buildConfigurationList = 0D9D1D9B1FE3B0CA00BC4197 /* Build configuration list for PBXNativeTarget "Demo" */;
			buildPhases = (
				0D9D1D811FE3B0CA00BC4197 /* Sources */,
				0D9D1D821FE3B0CA00BC4197 /* Frameworks */,
				0D9D1D831FE3B0CA00BC4197 /* Resources */,
			);
			buildRules = (
			);
			dependencies = (
			);
			name = Demo;
			productName = Demo;
			productReference = 0D9D1D851FE3B0CA00BC4197 /* Demo.app */;
			productType = "com.apple.product-type.application";
		};
/* End PBXNativeTarget section */

/* Begin PBXProject section */
		0D9D1D7D1FE3B0CA00BC4197 /* Project object */ = {
			isa = PBXProject;
			attributes = {
				LastUpgradeCheck = 0910;
				ORGANIZATIONNAME = G.Y;
				TargetAttributes = {
					0D9D1D841FE3B0CA00BC4197 = {
						CreatedOnToolsVersion = 9.1;
						ProvisioningStyle = Automatic;
					};
				};
			};
			buildConfigurationList = 0D9D1D801FE3B0CA00BC4197 /* Build configuration list for PBXProject "Demo" */;
			compatibilityVersion = "Xcode 8.0";
			developmentRegion = en;
			hasScannedForEncodings = 0;
			knownRegions = (
				en,
				Base,
			);
			mainGroup = 0D9D1D7C1FE3B0CA00BC4197;
			productRefGroup = 0D9D1D861FE3B0CA00BC4197 /* Products */;
			projectDirPath = "";
			projectRoot = "";
			targets = (
				0D9D1D841FE3B0CA00BC4197 /* Demo */,
			);
		};
/* End PBXProject section */

/* Begin PBXResourcesBuildPhase section */
		0D9D1D831FE3B0CA00BC4197 /* Resources */ = {
			isa = PBXResourcesBuildPhase;
			buildActionMask = 2147483647;
			files = (
				0D9D1D951FE3B0CA00BC4197 /* LaunchScreen.storyboard in Resources */,
				0D9D1D921FE3B0CA00BC4197 /* Assets.xcassets in Resources */,
				0D9D1D901FE3B0CA00BC4197 /* Main.storyboard in Resources */,
			);
			runOnlyForDeploymentPostprocessing = 0;
		};
/* End PBXResourcesBuildPhase section */

/* Begin PBXSourcesBuildPhase section */
		0D9D1D811FE3B0CA00BC4197 /* Sources */ = {
			isa = PBXSourcesBuildPhase;
			buildActionMask = 2147483647;
			files = (
				0D9D1DD21FE3B41E00BC4197 /* NSArray+MASAdditions.m in Sources */,
				0D9D1DD11FE3B41E00BC4197 /* MASViewConstraint.m in Sources */,
				0D9D1D8D1FE3B0CA00BC4197 /* ViewController.m in Sources */,
				0D9D1DCE1FE3B41E00BC4197 /* MASConstraintMaker.m in Sources */,
				0D9D1DD41FE3B41E00BC4197 /* View+MASAdditions.m in Sources */,
				0D9D1DA91FE3B0E200BC4197 /* BRElementContainerView.m in Sources */,
				0D9D1DDD1FE3B7C200BC4197 /* CustomElementView.m in Sources */,
				0D9D1DE01FE3B9D500BC4197 /* CustomCanvasView.m in Sources */,
				0D9D1DCD1FE3B41E00BC4197 /* MASConstraint.m in Sources */,
				0D9D1DA81FE3B0E200BC4197 /* BRCanvas.m in Sources */,
				0D9D1DD01FE3B41E00BC4197 /* MASViewAttribute.m in Sources */,
				0D9D1DD31FE3B41E00BC4197 /* NSLayoutConstraint+MASDebugAdditions.m in Sources */,
				0D9D1DD81FE3B4CC00BC4197 /* NSTimer+YYAdd.m in Sources */,
				0D9D1DAA1FE3B0E200BC4197 /* BREngine.m in Sources */,
				0D9D1DCC1FE3B41E00BC4197 /* MASCompositeConstraint.m in Sources */,
				0D9D1DCF1FE3B41E00BC4197 /* MASLayoutConstraint.m in Sources */,
				0D9D1DB11FE3B3E000BC4197 /* UIView+Ext.m in Sources */,
				0D9D1D981FE3B0CA00BC4197 /* main.m in Sources */,
				0D9D1DD51FE3B41E00BC4197 /* ViewController+MASAdditions.m in Sources */,
				0D9D1D8A1FE3B0CA00BC4197 /* AppDelegate.m in Sources */,
			);
			runOnlyForDeploymentPostprocessing = 0;
		};
/* End PBXSourcesBuildPhase section */

/* Begin PBXVariantGroup section */
		0D9D1D8E1FE3B0CA00BC4197 /* Main.storyboard */ = {
			isa = PBXVariantGroup;
			children = (
				0D9D1D8F1FE3B0CA00BC4197 /* Base */,
			);
			name = Main.storyboard;
			sourceTree = "<group>";
		};
		0D9D1D931FE3B0CA00BC4197 /* LaunchScreen.storyboard */ = {
			isa = PBXVariantGroup;
			children = (
				0D9D1D941FE3B0CA00BC4197 /* Base */,
			);
			name = LaunchScreen.storyboard;
			sourceTree = "<group>";
		};
/* End PBXVariantGroup section */

/* Begin XCBuildConfiguration section */
		0D9D1D991FE3B0CA00BC4197 /* Debug */ = {
			isa = XCBuildConfiguration;
			buildSettings = {
				ALWAYS_SEARCH_USER_PATHS = NO;
				CLANG_ANALYZER_NONNULL = YES;
				CLANG_ANALYZER_NUMBER_OBJECT_CONVERSION = YES_AGGRESSIVE;
				CLANG_CXX_LANGUAGE_STANDARD = "gnu++14";
				CLANG_CXX_LIBRARY = "libc++";
				CLANG_ENABLE_MODULES = YES;
				CLANG_ENABLE_OBJC_ARC = YES;
				CLANG_WARN_BLOCK_CAPTURE_AUTORELEASING = YES;
				CLANG_WARN_BOOL_CONVERSION = YES;
				CLANG_WARN_COMMA = YES;
				CLANG_WARN_CONSTANT_CONVERSION = YES;
				CLANG_WARN_DIRECT_OBJC_ISA_USAGE = YES_ERROR;
				CLANG_WARN_DOCUMENTATION_COMMENTS = YES;
				CLANG_WARN_EMPTY_BODY = YES;
				CLANG_WARN_ENUM_CONVERSION = YES;
				CLANG_WARN_INFINITE_RECURSION = YES;
				CLANG_WARN_INT_CONVERSION = YES;
				CLANG_WARN_NON_LITERAL_NULL_CONVERSION = YES;
				CLANG_WARN_OBJC_LITERAL_CONVERSION = YES;
				CLANG_WARN_OBJC_ROOT_CLASS = YES_ERROR;
				CLANG_WARN_RANGE_LOOP_ANALYSIS = YES;
				CLANG_WARN_STRICT_PROTOTYPES = YES;
				CLANG_WARN_SUSPICIOUS_MOVE = YES;
				CLANG_WARN_UNGUARDED_AVAILABILITY = YES_AGGRESSIVE;
				CLANG_WARN_UNREACHABLE_CODE = YES;
				CLANG_WARN__DUPLICATE_METHOD_MATCH = YES;
				CODE_SIGN_IDENTITY = "iPhone Developer";
				COPY_PHASE_STRIP = NO;
				DEBUG_INFORMATION_FORMAT = dwarf;
				ENABLE_STRICT_OBJC_MSGSEND = YES;
				ENABLE_TESTABILITY = YES;
				GCC_C_LANGUAGE_STANDARD = gnu11;
				GCC_DYNAMIC_NO_PIC = NO;
				GCC_NO_COMMON_BLOCKS = YES;
				GCC_OPTIMIZATION_LEVEL = 0;
				GCC_PREPROCESSOR_DEFINITIONS = (
					"DEBUG=1",
					"$(inherited)",
				);
				GCC_WARN_64_TO_32_BIT_CONVERSION = YES;
				GCC_WARN_ABOUT_RETURN_TYPE = YES_ERROR;
				GCC_WARN_UNDECLARED_SELECTOR = YES;
				GCC_WARN_UNINITIALIZED_AUTOS = YES_AGGRESSIVE;
				GCC_WARN_UNUSED_FUNCTION = YES;
				GCC_WARN_UNUSED_VARIABLE = YES;
				IPHONEOS_DEPLOYMENT_TARGET = 11.1;
				MTL_ENABLE_DEBUG_INFO = YES;
				ONLY_ACTIVE_ARCH = YES;
				SDKROOT = iphoneos;
			};
			name = Debug;
		};
		0D9D1D9A1FE3B0CA00BC4197 /* Release */ = {
			isa = XCBuildConfiguration;
			buildSettings = {
				ALWAYS_SEARCH_USER_PATHS = NO;
				CLANG_ANALYZER_NONNULL = YES;
				CLANG_ANALYZER_NUMBER_OBJECT_CONVERSION = YES_AGGRESSIVE;
				CLANG_CXX_LANGUAGE_STANDARD = "gnu++14";
				CLANG_CXX_LIBRARY = "libc++";
				CLANG_ENABLE_MODULES = YES;
				CLANG_ENABLE_OBJC_ARC = YES;
				CLANG_WARN_BLOCK_CAPTURE_AUTORELEASING = YES;
				CLANG_WARN_BOOL_CONVERSION = YES;
				CLANG_WARN_COMMA = YES;
				CLANG_WARN_CONSTANT_CONVERSION = YES;
				CLANG_WARN_DIRECT_OBJC_ISA_USAGE = YES_ERROR;
				CLANG_WARN_DOCUMENTATION_COMMENTS = YES;
				CLANG_WARN_EMPTY_BODY = YES;
				CLANG_WARN_ENUM_CONVERSION = YES;
				CLANG_WARN_INFINITE_RECURSION = YES;
				CLANG_WARN_INT_CONVERSION = YES;
				CLANG_WARN_NON_LITERAL_NULL_CONVERSION = YES;
				CLANG_WARN_OBJC_LITERAL_CONVERSION = YES;
				CLANG_WARN_OBJC_ROOT_CLASS = YES_ERROR;
				CLANG_WARN_RANGE_LOOP_ANALYSIS = YES;
				CLANG_WARN_STRICT_PROTOTYPES = YES;
				CLANG_WARN_SUSPICIOUS_MOVE = YES;
				CLANG_WARN_UNGUARDED_AVAILABILITY = YES_AGGRESSIVE;
				CLANG_WARN_UNREACHABLE_CODE = YES;
				CLANG_WARN__DUPLICATE_METHOD_MATCH = YES;
				CODE_SIGN_IDENTITY = "iPhone Developer";
				COPY_PHASE_STRIP = NO;
				DEBUG_INFORMATION_FORMAT = "dwarf-with-dsym";
				ENABLE_NS_ASSERTIONS = NO;
				ENABLE_STRICT_OBJC_MSGSEND = YES;
				GCC_C_LANGUAGE_STANDARD = gnu11;
				GCC_NO_COMMON_BLOCKS = YES;
				GCC_WARN_64_TO_32_BIT_CONVERSION = YES;
				GCC_WARN_ABOUT_RETURN_TYPE = YES_ERROR;
				GCC_WARN_UNDECLARED_SELECTOR = YES;
				GCC_WARN_UNINITIALIZED_AUTOS = YES_AGGRESSIVE;
				GCC_WARN_UNUSED_FUNCTION = YES;
				GCC_WARN_UNUSED_VARIABLE = YES;
				IPHONEOS_DEPLOYMENT_TARGET = 11.1;
				MTL_ENABLE_DEBUG_INFO = NO;
				SDKROOT = iphoneos;
				VALIDATE_PRODUCT = YES;
			};
			name = Release;
		};
		0D9D1D9C1FE3B0CA00BC4197 /* Debug */ = {
			isa = XCBuildConfiguration;
			buildSettings = {
				ASSETCATALOG_COMPILER_APPICON_NAME = AppIcon;
				CODE_SIGN_STYLE = Automatic;
				GCC_PRECOMPILE_PREFIX_HEADER = YES;
				GCC_PREFIX_HEADER = "$(SRCROOT)/Demo/PrefixHeader.pch";
				INFOPLIST_FILE = Demo/Info.plist;
				LD_RUNPATH_SEARCH_PATHS = "$(inherited) @executable_path/Frameworks";
				PRODUCT_BUNDLE_IDENTIFIER = G.Y.Demo;
				PRODUCT_NAME = "$(TARGET_NAME)";
				TARGETED_DEVICE_FAMILY = "1,2";
			};
			name = Debug;
		};
		0D9D1D9D1FE3B0CA00BC4197 /* Release */ = {
			isa = XCBuildConfiguration;
			buildSettings = {
				ASSETCATALOG_COMPILER_APPICON_NAME = AppIcon;
				CODE_SIGN_STYLE = Automatic;
				GCC_PRECOMPILE_PREFIX_HEADER = YES;
				GCC_PREFIX_HEADER = "$(SRCROOT)/Demo/PrefixHeader.pch";
				INFOPLIST_FILE = Demo/Info.plist;
				LD_RUNPATH_SEARCH_PATHS = "$(inherited) @executable_path/Frameworks";
				PRODUCT_BUNDLE_IDENTIFIER = G.Y.Demo;
				PRODUCT_NAME = "$(TARGET_NAME)";
				TARGETED_DEVICE_FAMILY = "1,2";
			};
			name = Release;
		};
/* End XCBuildConfiguration section */

/* Begin XCConfigurationList section */
		0D9D1D801FE3B0CA00BC4197 /* Build configuration list for PBXProject "Demo" */ = {
			isa = XCConfigurationList;
			buildConfigurations = (
				0D9D1D991FE3B0CA00BC4197 /* Debug */,
				0D9D1D9A1FE3B0CA00BC4197 /* Release */,
			);
			defaultConfigurationIsVisible = 0;
			defaultConfigurationName = Release;
		};
		0D9D1D9B1FE3B0CA00BC4197 /* Build configuration list for PBXNativeTarget "Demo" */ = {
			isa = XCConfigurationList;
			buildConfigurations = (
				0D9D1D9C1FE3B0CA00BC4197 /* Debug */,
				0D9D1D9D1FE3B0CA00BC4197 /* Release */,
			);
			defaultConfigurationIsVisible = 0;
			defaultConfigurationName = Release;
		};
/* End XCConfigurationList section */
	};
	rootObject = 0D9D1D7D1FE3B0CA00BC4197 /* Project object */;
}
